
Microsoft Visual Studio Solution File, Format Version 12.00
# Visual Studio Version 17
VisualStudioVersion = 17.10.35004.147
MinimumVisualStudioVersion = 10.0.40219.1
Project("{8BC9CEB8-8B4A-11D0-8D11-00A0C91BC942}") = "5.5.1 Squaring", "5.5.1 Squaring\5.5.1 Squaring.vcxproj", "{30DBBA91-0B8F-44F7-AEF3-50E5B9B91705}"
EndProject
Global
	GlobalSection(SolutionConfigurationPlatforms) = preSolution
		Debug|x64 = Debug|x64
		Debug|x86 = Debug|x86
		Release|x64 = Release|x64
		Release|x86 = Release|x86
	EndGlobalSection
	GlobalSection(ProjectConfigurationPlatforms) = postSolution
		{30DBBA91-0B8F-44F7-AEF3-50E5B9B91705}.Debug|x64.ActiveCfg = Debug|x64
		{30DBBA91-0B8F-44F7-AEF3-50E5B9B91705}.Debug|x64.Build.0 = Debug|x64
		{30DBBA91-0B8F-44F7-AEF3-50E5B9B91705}.Debug|x86.ActiveCfg = Debug|Win32
		{30DBBA91-0B8F-44F7-AEF3-50E5B9B91705}.Debug|x86.Build.0 = Debug|Win32
		{30DBBA91-0B8F-44F7-AEF3-50E5B9B91705}.Release|x64.ActiveCfg = Release|x64
		{30DBBA91-0B8F-44F7-AEF3-50E5B9B91705}.Release|x64.Build.0 = Release|x64
		{30DBBA91-0B8F-44F7-AEF3-50E5B9B91705}.Release|x86.ActiveCfg = Release|Win32
		{30DBBA91-0B8F-44F7-AEF3-50E5B9B91705}.Release|x86.Build.0 = Release|Win32
	EndGlobalSection
	GlobalSection(SolutionProperties) = preSolution
		HideSolutionNode = FALSE
	EndGlobalSection
	GlobalSection(ExtensibilityGlobals) = postSolution
		SolutionGuid = {5A0A1E6B-5559-4119-95C5-06810A4BA165}
	EndGlobalSection
EndGlobal
